
Microsoft Visual Studio Solution File, Format Version 12.00
# Visual Studio Version 17
VisualStudioVersion = 17.5.002.0
MinimumVisualStudioVersion = 10.0.40219.1
Project("{9A19103F-16F7-4668-BE54-9A1E7A4F7556}") = "Project_EnterpriseSystem", "Project_EnterpriseSystem.csproj", "{0A6B47E8-308B-4E26-9C3C-B57ADA74042C}"
EndProject
Global
	GlobalSection(SolutionConfigurationPlatforms) = preSolution
		Debug|Any CPU = Debug|Any CPU
		Release|Any CPU = Release|Any CPU
	EndGlobalSection
	GlobalSection(ProjectConfigurationPlatforms) = postSolution
		{0A6B47E8-308B-4E26-9C3C-B57ADA74042C}.Debug|Any CPU.ActiveCfg = Debug|Any CPU
		{0A6B47E8-308B-4E26-9C3C-B57ADA74042C}.Debug|Any CPU.Build.0 = Debug|Any CPU
		{0A6B47E8-308B-4E26-9C3C-B57ADA74042C}.Release|Any CPU.ActiveCfg = Release|Any CPU
		{0A6B47E8-308B-4E26-9C3C-B57ADA74042C}.Release|Any CPU.Build.0 = Release|Any CPU
	EndGlobalSection
	GlobalSection(SolutionProperties) = preSolution
		HideSolutionNode = FALSE
	EndGlobalSection
	GlobalSection(ExtensibilityGlobals) = postSolution
		SolutionGuid = {10D7092F-D0CE-435C-AD24-815D2A98E610}
	EndGlobalSection
EndGlobal
